
Microsoft Visual Studio Solution File, Format Version 12.00
# Visual Studio Version 16
VisualStudioVersion = 16.0.31911.196
MinimumVisualStudioVersion = 10.0.40219.1
Project("{FAE04EC0-301F-11D3-BF4B-00C04F79EFBC}") = "MvcStok", "MvcStok\MvcStok.csproj", "{2424D7B5-E8BA-4779-BD77-C4D6BEAB7FF3}"
EndProject
Global
	GlobalSection(SolutionConfigurationPlatforms) = preSolution
		Debug|Any CPU = Debug|Any CPU
		Release|Any CPU = Release|Any CPU
	EndGlobalSection
	GlobalSection(ProjectConfigurationPlatforms) = postSolution
		{2424D7B5-E8BA-4779-BD77-C4D6BEAB7FF3}.Debug|Any CPU.ActiveCfg = Debug|Any CPU
		{2424D7B5-E8BA-4779-BD77-C4D6BEAB7FF3}.Debug|Any CPU.Build.0 = Debug|Any CPU
		{2424D7B5-E8BA-4779-BD77-C4D6BEAB7FF3}.Release|Any CPU.ActiveCfg = Release|Any CPU
		{2424D7B5-E8BA-4779-BD77-C4D6BEAB7FF3}.Release|Any CPU.Build.0 = Release|Any CPU
	EndGlobalSection
	GlobalSection(SolutionProperties) = preSolution
		HideSolutionNode = FALSE
	EndGlobalSection
	GlobalSection(ExtensibilityGlobals) = postSolution
		SolutionGuid = {0F406E83-F372-4329-A756-66C1C2E01D5D}
	EndGlobalSection
EndGlobal
